{
  "version": 4,
  "terraform_version": "1.4.6",
  "serial": 1,
  "lineage": "667dbdae-1bec-e9e4-fafd-a080056996dc",
  "outputs": {},
  "resources": [
    {
      "mode": "managed",
      "type": "local_file",
      "name": "literature",
      "provider": "provider[\"registry.terraform.io/hashicorp/local\"]",
      "instances": [
        {
          "schema_version": 0,
          "attributes": {
            "content": "        Sun Tzu said: The art of war is of vital importance to the State.\n\n        It is a matter of life and death, a road either to safety or to \n        ruin. Hence it is a subject of inquiry which can on no account be\n        neglected.\n",
            "content_base64": null,
            "content_base64sha256": "eOT7/+a+GrlcBJWm2clCnC6rFElMCWbgwhONFnHbUOY=",
            "content_base64sha512": "xVUGf5b1ZQrAfMkBXY3tapBiaqyt+KTN947G8ePLil1ZCpYZ+iYonwI+Ayi9ITlmkVL6GDbGOVRv1NanImCuVQ==",
            "content_md5": "329f9df3521c42c8cc69ce978331b0b4",
            "content_sha1": "a2b6fdb09897483650f17388db304c71f250051e",
            "content_sha256": "78e4fbffe6be1ab95c0495a6d9c9429c2eab14494c0966e0c2138d1671db50e6",
            "content_sha512": "c555067f96f5650ac07cc9015d8ded6a90626aacadf8a4cdf78ec6f1e3cb8a5d590a9619fa26289f023e0328bd2139669152fa1836c639546fd4d6a72260ae55",
            "directory_permission": "0777",
            "file_permission": "0777",
            "filename": "book/art_of_war.txt",
            "id": "a2b6fdb09897483650f17388db304c71f250051e",
            "sensitive_content": null,
            "source": null
          },
          "sensitive_attributes": []
        }
      ]
    }
  ],
  "check_results": null
}
